
Microsoft Visual Studio Solution File, Format Version 12.00
# Visual Studio Version 16
VisualStudioVersion = 16.0.31729.503
MinimumVisualStudioVersion = 10.0.40219.1
Project("{FAE04EC0-301F-11D3-BF4B-00C04F79EFBC}") = "Car", "Car\Car.csproj", "{DFECE98C-3A71-4CE0-B430-2ACCFF59D784}"
EndProject
Global
	GlobalSection(SolutionConfigurationPlatforms) = preSolution
		Debug|Any CPU = Debug|Any CPU
		Release|Any CPU = Release|Any CPU
	EndGlobalSection
	GlobalSection(ProjectConfigurationPlatforms) = postSolution
		{DFECE98C-3A71-4CE0-B430-2ACCFF59D784}.Debug|Any CPU.ActiveCfg = Debug|Any CPU
		{DFECE98C-3A71-4CE0-B430-2ACCFF59D784}.Debug|Any CPU.Build.0 = Debug|Any CPU
		{DFECE98C-3A71-4CE0-B430-2ACCFF59D784}.Release|Any CPU.ActiveCfg = Release|Any CPU
		{DFECE98C-3A71-4CE0-B430-2ACCFF59D784}.Release|Any CPU.Build.0 = Release|Any CPU
	EndGlobalSection
	GlobalSection(SolutionProperties) = preSolution
		HideSolutionNode = FALSE
	EndGlobalSection
	GlobalSection(ExtensibilityGlobals) = postSolution
		SolutionGuid = {10B13FDE-F5CC-4701-BA81-F2DA395AC148}
	EndGlobalSection
EndGlobal
